// !$*UTF8*$!
{
	archiveVersion = 1;
	classes = {
	};
	objectVersion = 50;
	objects = {

/* Begin PBXBuildFile section */
		6519CEF4239572AB00A97149 /* HTTPClient.swift in Sources */ = {isa = PBXBuildFile; fileRef = 6519CEF3239572AB00A97149 /* HTTPClient.swift */; };
		6519CEF6239574B800A97149 /* HTTPResponse.swift in Sources */ = {isa = PBXBuildFile; fileRef = 6519CEF5239574B800A97149 /* HTTPResponse.swift */; };
		6519CEFC239585A800A97149 /* ViewModel.swift in Sources */ = {isa = PBXBuildFile; fileRef = 6519CEFB239585A800A97149 /* ViewModel.swift */; };
		6519CF00239587F300A97149 /* QuoteResult.swift in Sources */ = {isa = PBXBuildFile; fileRef = 6519CEFF239587F300A97149 /* QuoteResult.swift */; };
		6519CF022396081700A97149 /* HTTPRequest.swift in Sources */ = {isa = PBXBuildFile; fileRef = 6519CF012396081700A97149 /* HTTPRequest.swift */; };
		6519CF04239608C400A97149 /* QuoteRequest.swift in Sources */ = {isa = PBXBuildFile; fileRef = 6519CF03239608C400A97149 /* QuoteRequest.swift */; };
		6519CF062399003D00A97149 /* RequestAdapter.swift in Sources */ = {isa = PBXBuildFile; fileRef = 6519CF052399003D00A97149 /* RequestAdapter.swift */; };
		6519CF082399012000A97149 /* HTTPMethod.swift in Sources */ = {isa = PBXBuildFile; fileRef = 6519CF072399012000A97149 /* HTTPMethod.swift */; };
		65E490D7238FB75A00B8A92E /* AppDelegate.swift in Sources */ = {isa = PBXBuildFile; fileRef = 65E490D6238FB75A00B8A92E /* AppDelegate.swift */; };
		65E490D9238FB75A00B8A92E /* SceneDelegate.swift in Sources */ = {isa = PBXBuildFile; fileRef = 65E490D8238FB75A00B8A92E /* SceneDelegate.swift */; };
		65E490DB238FB75A00B8A92E /* ViewController.swift in Sources */ = {isa = PBXBuildFile; fileRef = 65E490DA238FB75A00B8A92E /* ViewController.swift */; };
		65E490DE238FB75A00B8A92E /* Main.storyboard in Resources */ = {isa = PBXBuildFile; fileRef = 65E490DC238FB75A00B8A92E /* Main.storyboard */; };
		65E490E0238FB75C00B8A92E /* Assets.xcassets in Resources */ = {isa = PBXBuildFile; fileRef = 65E490DF238FB75C00B8A92E /* Assets.xcassets */; };
		65E490E3238FB75C00B8A92E /* LaunchScreen.storyboard in Resources */ = {isa = PBXBuildFile; fileRef = 65E490E1238FB75C00B8A92E /* LaunchScreen.storyboard */; };
		65E490EE238FB75C00B8A92E /* OneQuoteADayTests.swift in Sources */ = {isa = PBXBuildFile; fileRef = 65E490ED238FB75C00B8A92E /* OneQuoteADayTests.swift */; };
		65E490F9238FB75C00B8A92E /* OneQuoteADayUITests.swift in Sources */ = {isa = PBXBuildFile; fileRef = 65E490F8238FB75C00B8A92E /* OneQuoteADayUITests.swift */; };
/* End PBXBuildFile section */

/* Begin PBXContainerItemProxy section */
		65E490EA238FB75C00B8A92E /* PBXContainerItemProxy */ = {
			isa = PBXContainerItemProxy;
			containerPortal = 65E490CB238FB75A00B8A92E /* Project object */;
			proxyType = 1;
			remoteGlobalIDString = 65E490D2238FB75A00B8A92E;
			remoteInfo = OneQuoteADay;
		};
		65E490F5238FB75C00B8A92E /* PBXContainerItemProxy */ = {
			isa = PBXContainerItemProxy;
			containerPortal = 65E490CB238FB75A00B8A92E /* Project object */;
			proxyType = 1;
			remoteGlobalIDString = 65E490D2238FB75A00B8A92E;
			remoteInfo = OneQuoteADay;
		};
/* End PBXContainerItemProxy section */

/* Begin PBXFileReference section */
		6519CEF3239572AB00A97149 /* HTTPClient.swift */ = {isa = PBXFileReference; lastKnownFileType = sourcecode.swift; path = HTTPClient.swift; sourceTree = "<group>"; };
		6519CEF5239574B800A97149 /* HTTPResponse.swift */ = {isa = PBXFileReference; lastKnownFileType = sourcecode.swift; path = HTTPResponse.swift; sourceTree = "<group>"; };
		6519CEFB239585A800A97149 /* ViewModel.swift */ = {isa = PBXFileReference; lastKnownFileType = sourcecode.swift; path = ViewModel.swift; sourceTree = "<group>"; };
		6519CEFF239587F300A97149 /* QuoteResult.swift */ = {isa = PBXFileReference; lastKnownFileType = sourcecode.swift; path = QuoteResult.swift; sourceTree = "<group>"; };
		6519CF012396081700A97149 /* HTTPRequest.swift */ = {isa = PBXFileReference; lastKnownFileType = sourcecode.swift; path = HTTPRequest.swift; sourceTree = "<group>"; };
		6519CF03239608C400A97149 /* QuoteRequest.swift */ = {isa = PBXFileReference; lastKnownFileType = sourcecode.swift; path = QuoteRequest.swift; sourceTree = "<group>"; };
		6519CF052399003D00A97149 /* RequestAdapter.swift */ = {isa = PBXFileReference; lastKnownFileType = sourcecode.swift; path = RequestAdapter.swift; sourceTree = "<group>"; };
		6519CF072399012000A97149 /* HTTPMethod.swift */ = {isa = PBXFileReference; lastKnownFileType = sourcecode.swift; path = HTTPMethod.swift; sourceTree = "<group>"; };
		65E490D3238FB75A00B8A92E /* OneQuoteADay.app */ = {isa = PBXFileReference; explicitFileType = wrapper.application; includeInIndex = 0; path = OneQuoteADay.app; sourceTree = BUILT_PRODUCTS_DIR; };
		65E490D6238FB75A00B8A92E /* AppDelegate.swift */ = {isa = PBXFileReference; lastKnownFileType = sourcecode.swift; path = AppDelegate.swift; sourceTree = "<group>"; };
		65E490D8238FB75A00B8A92E /* SceneDelegate.swift */ = {isa = PBXFileReference; lastKnownFileType = sourcecode.swift; path = SceneDelegate.swift; sourceTree = "<group>"; };
		65E490DA238FB75A00B8A92E /* ViewController.swift */ = {isa = PBXFileReference; lastKnownFileType = sourcecode.swift; path = ViewController.swift; sourceTree = "<group>"; };
		65E490DD238FB75A00B8A92E /* Base */ = {isa = PBXFileReference; lastKnownFileType = file.storyboard; name = Base; path = Base.lproj/Main.storyboard; sourceTree = "<group>"; };
		65E490DF238FB75C00B8A92E /* Assets.xcassets */ = {isa = PBXFileReference; lastKnownFileType = folder.assetcatalog; path = Assets.xcassets; sourceTree = "<group>"; };
		65E490E2238FB75C00B8A92E /* Base */ = {isa = PBXFileReference; lastKnownFileType = file.storyboard; name = Base; path = Base.lproj/LaunchScreen.storyboard; sourceTree = "<group>"; };
		65E490E4238FB75C00B8A92E /* Info.plist */ = {isa = PBXFileReference; lastKnownFileType = text.plist.xml; path = Info.plist; sourceTree = "<group>"; };
		65E490E9238FB75C00B8A92E /* OneQuoteADayTests.xctest */ = {isa = PBXFileReference; explicitFileType = wrapper.cfbundle; includeInIndex = 0; path = OneQuoteADayTests.xctest; sourceTree = BUILT_PRODUCTS_DIR; };
		65E490ED238FB75C00B8A92E /* OneQuoteADayTests.swift */ = {isa = PBXFileReference; lastKnownFileType = sourcecode.swift; path = OneQuoteADayTests.swift; sourceTree = "<group>"; };
		65E490EF238FB75C00B8A92E /* Info.plist */ = {isa = PBXFileReference; lastKnownFileType = text.plist.xml; path = Info.plist; sourceTree = "<group>"; };
		65E490F4238FB75C00B8A92E /* OneQuoteADayUITests.xctest */ = {isa = PBXFileReference; explicitFileType = wrapper.cfbundle; includeInIndex = 0; path = OneQuoteADayUITests.xctest; sourceTree = BUILT_PRODUCTS_DIR; };
		65E490F8238FB75C00B8A92E /* OneQuoteADayUITests.swift */ = {isa = PBXFileReference; lastKnownFileType = sourcecode.swift; path = OneQuoteADayUITests.swift; sourceTree = "<group>"; };
		65E490FA238FB75C00B8A92E /* Info.plist */ = {isa = PBXFileReference; lastKnownFileType = text.plist.xml; path = Info.plist; sourceTree = "<group>"; };
/* End PBXFileReference section */

/* Begin PBXFrameworksBuildPhase section */
		65E490D0238FB75A00B8A92E /* Frameworks */ = {
			isa = PBXFrameworksBuildPhase;
			buildActionMask = 2147483647;
			files = (
			);
			runOnlyForDeploymentPostprocessing = 0;
		};
		65E490E6238FB75C00B8A92E /* Frameworks */ = {
			isa = PBXFrameworksBuildPhase;
			buildActionMask = 2147483647;
			files = (
			);
			runOnlyForDeploymentPostprocessing = 0;
		};
		65E490F1238FB75C00B8A92E /* Frameworks */ = {
			isa = PBXFrameworksBuildPhase;
			buildActionMask = 2147483647;
			files = (
			);
			runOnlyForDeploymentPostprocessing = 0;
		};
/* End PBXFrameworksBuildPhase section */

/* Begin PBXGroup section */
		6519CF0923990B4600A97149 /* Network Layer */ = {
			isa = PBXGroup;
			children = (
				6519CEF3239572AB00A97149 /* HTTPClient.swift */,
				6519CF012396081700A97149 /* HTTPRequest.swift */,
				6519CF052399003D00A97149 /* RequestAdapter.swift */,
				6519CF072399012000A97149 /* HTTPMethod.swift */,
				6519CEF5239574B800A97149 /* HTTPResponse.swift */,
			);
			path = "Network Layer";
			sourceTree = "<group>";
		};
		65E490CA238FB75A00B8A92E = {
			isa = PBXGroup;
			children = (
				65E490D5238FB75A00B8A92E /* OneQuoteADay */,
				65E490EC238FB75C00B8A92E /* OneQuoteADayTests */,
				65E490F7238FB75C00B8A92E /* OneQuoteADayUITests */,
				65E490D4238FB75A00B8A92E /* Products */,
			);
			sourceTree = "<group>";
		};
		65E490D4238FB75A00B8A92E /* Products */ = {
			isa = PBXGroup;
			children = (
				65E490D3238FB75A00B8A92E /* OneQuoteADay.app */,
				65E490E9238FB75C00B8A92E /* OneQuoteADayTests.xctest */,
				65E490F4238FB75C00B8A92E /* OneQuoteADayUITests.xctest */,
			);
			name = Products;
			sourceTree = "<group>";
		};
		65E490D5238FB75A00B8A92E /* OneQuoteADay */ = {
			isa = PBXGroup;
			children = (
				65E490D6238FB75A00B8A92E /* AppDelegate.swift */,
				65E490D8238FB75A00B8A92E /* SceneDelegate.swift */,
				65E490DA238FB75A00B8A92E /* ViewController.swift */,
				6519CEFB239585A800A97149 /* ViewModel.swift */,
				6519CF0923990B4600A97149 /* Network Layer */,
				6519CF03239608C400A97149 /* QuoteRequest.swift */,
				6519CEFF239587F300A97149 /* QuoteResult.swift */,
				65E490DC238FB75A00B8A92E /* Main.storyboard */,
				65E490DF238FB75C00B8A92E /* Assets.xcassets */,
				65E490E1238FB75C00B8A92E /* LaunchScreen.storyboard */,
				65E490E4238FB75C00B8A92E /* Info.plist */,
			);
			path = OneQuoteADay;
			sourceTree = "<group>";
		};
		65E490EC238FB75C00B8A92E /* OneQuoteADayTests */ = {
			isa = PBXGroup;
			children = (
				65E490ED238FB75C00B8A92E /* OneQuoteADayTests.swift */,
				65E490EF238FB75C00B8A92E /* Info.plist */,
			);
			path = OneQuoteADayTests;
			sourceTree = "<group>";
		};
		65E490F7238FB75C00B8A92E /* OneQuoteADayUITests */ = {
			isa = PBXGroup;
			children = (
				65E490F8238FB75C00B8A92E /* OneQuoteADayUITests.swift */,
				65E490FA238FB75C00B8A92E /* Info.plist */,
			);
			path = OneQuoteADayUITests;
			sourceTree = "<group>";
		};
/* End PBXGroup section */

/* Begin PBXNativeTarget section */
		65E490D2238FB75A00B8A92E /* OneQuoteADay */ = {
			isa = PBXNativeTarget;
			buildConfigurationList = 65E490FD238FB75C00B8A92E /* Build configuration list for PBXNativeTarget "OneQuoteADay" */;
			buildPhases = (
				65E490CF238FB75A00B8A92E /* Sources */,
				65E490D0238FB75A00B8A92E /* Frameworks */,
				65E490D1238FB75A00B8A92E /* Resources */,
			);
			buildRules = (
			);
			dependencies = (
			);
			name = OneQuoteADay;
			productName = OneQuoteADay;
			productReference = 65E490D3238FB75A00B8A92E /* OneQuoteADay.app */;
			productType = "com.apple.product-type.application";
		};
		65E490E8238FB75C00B8A92E /* OneQuoteADayTests */ = {
			isa = PBXNativeTarget;
			buildConfigurationList = 65E49100238FB75C00B8A92E /* Build configuration list for PBXNativeTarget "OneQuoteADayTests" */;
			buildPhases = (
				65E490E5238FB75C00B8A92E /* Sources */,
				65E490E6238FB75C00B8A92E /* Frameworks */,
				65E490E7238FB75C00B8A92E /* Resources */,
			);
			buildRules = (
			);
			dependencies = (
				65E490EB238FB75C00B8A92E /* PBXTargetDependency */,
			);
			name = OneQuoteADayTests;
			productName = OneQuoteADayTests;
			productReference = 65E490E9238FB75C00B8A92E /* OneQuoteADayTests.xctest */;
			productType = "com.apple.product-type.bundle.unit-test";
		};
		65E490F3238FB75C00B8A92E /* OneQuoteADayUITests */ = {
			isa = PBXNativeTarget;
			buildConfigurationList = 65E49103238FB75C00B8A92E /* Build configuration list for PBXNativeTarget "OneQuoteADayUITests" */;
			buildPhases = (
				65E490F0238FB75C00B8A92E /* Sources */,
				65E490F1238FB75C00B8A92E /* Frameworks */,
				65E490F2238FB75C00B8A92E /* Resources */,
			);
			buildRules = (
			);
			dependencies = (
				65E490F6238FB75C00B8A92E /* PBXTargetDependency */,
			);
			name = OneQuoteADayUITests;
			productName = OneQuoteADayUITests;
			productReference = 65E490F4238FB75C00B8A92E /* OneQuoteADayUITests.xctest */;
			productType = "com.apple.product-type.bundle.ui-testing";
		};
/* End PBXNativeTarget section */

/* Begin PBXProject section */
		65E490CB238FB75A00B8A92E /* Project object */ = {
			isa = PBXProject;
			attributes = {
				LastSwiftUpdateCheck = 1120;
				LastUpgradeCheck = 1120;
				ORGANIZATIONNAME = "蘇健豪";
				TargetAttributes = {
					65E490D2238FB75A00B8A92E = {
						CreatedOnToolsVersion = 11.2.1;
					};
					65E490E8238FB75C00B8A92E = {
						CreatedOnToolsVersion = 11.2.1;
						TestTargetID = 65E490D2238FB75A00B8A92E;
					};
					65E490F3238FB75C00B8A92E = {
						CreatedOnToolsVersion = 11.2.1;
						TestTargetID = 65E490D2238FB75A00B8A92E;
					};
				};
			};
			buildConfigurationList = 65E490CE238FB75A00B8A92E /* Build configuration list for PBXProject "OneQuoteADay" */;
			compatibilityVersion = "Xcode 9.3";
			developmentRegion = en;
			hasScannedForEncodings = 0;
			knownRegions = (
				en,
				Base,
			);
			mainGroup = 65E490CA238FB75A00B8A92E;
			productRefGroup = 65E490D4238FB75A00B8A92E /* Products */;
			projectDirPath = "";
			projectRoot = "";
			targets = (
				65E490D2238FB75A00B8A92E /* OneQuoteADay */,
				65E490E8238FB75C00B8A92E /* OneQuoteADayTests */,
				65E490F3238FB75C00B8A92E /* OneQuoteADayUITests */,
			);
		};
/* End PBXProject section */

/* Begin PBXResourcesBuildPhase section */
		65E490D1238FB75A00B8A92E /* Resources */ = {
			isa = PBXResourcesBuildPhase;
			buildActionMask = 2147483647;
			files = (
				65E490E3238FB75C00B8A92E /* LaunchScreen.storyboard in Resources */,
				65E490E0238FB75C00B8A92E /* Assets.xcassets in Resources */,
				65E490DE238FB75A00B8A92E /* Main.storyboard in Resources */,
			);
			runOnlyForDeploymentPostprocessing = 0;
		};
		65E490E7238FB75C00B8A92E /* Resources */ = {
			isa = PBXResourcesBuildPhase;
			buildActionMask = 2147483647;
			files = (
			);
			runOnlyForDeploymentPostprocessing = 0;
		};
		65E490F2238FB75C00B8A92E /* Resources */ = {
			isa = PBXResourcesBuildPhase;
			buildActionMask = 2147483647;
			files = (
			);
			runOnlyForDeploymentPostprocessing = 0;
		};
/* End PBXResourcesBuildPhase section */

/* Begin PBXSourcesBuildPhase section */
		65E490CF238FB75A00B8A92E /* Sources */ = {
			isa = PBXSourcesBuildPhase;
			buildActionMask = 2147483647;
			files = (
				65E490DB238FB75A00B8A92E /* ViewController.swift in Sources */,
				6519CEFC239585A800A97149 /* ViewModel.swift in Sources */,
				6519CEF4239572AB00A97149 /* HTTPClient.swift in Sources */,
				6519CF082399012000A97149 /* HTTPMethod.swift in Sources */,
				65E490D7238FB75A00B8A92E /* AppDelegate.swift in Sources */,
				6519CEF6239574B800A97149 /* HTTPResponse.swift in Sources */,
				6519CF00239587F300A97149 /* QuoteResult.swift in Sources */,
				6519CF022396081700A97149 /* HTTPRequest.swift in Sources */,
				6519CF062399003D00A97149 /* RequestAdapter.swift in Sources */,
				6519CF04239608C400A97149 /* QuoteRequest.swift in Sources */,
				65E490D9238FB75A00B8A92E /* SceneDelegate.swift in Sources */,
			);
			runOnlyForDeploymentPostprocessing = 0;
		};
		65E490E5238FB75C00B8A92E /* Sources */ = {
			isa = PBXSourcesBuildPhase;
			buildActionMask = 2147483647;
			files = (
				65E490EE238FB75C00B8A92E /* OneQuoteADayTests.swift in Sources */,
			);
			runOnlyForDeploymentPostprocessing = 0;
		};
		65E490F0238FB75C00B8A92E /* Sources */ = {
			isa = PBXSourcesBuildPhase;
			buildActionMask = 2147483647;
			files = (
				65E490F9238FB75C00B8A92E /* OneQuoteADayUITests.swift in Sources */,
			);
			runOnlyForDeploymentPostprocessing = 0;
		};
/* End PBXSourcesBuildPhase section */

/* Begin PBXTargetDependency section */
		65E490EB238FB75C00B8A92E /* PBXTargetDependency */ = {
			isa = PBXTargetDependency;
			target = 65E490D2238FB75A00B8A92E /* OneQuoteADay */;
			targetProxy = 65E490EA238FB75C00B8A92E /* PBXContainerItemProxy */;
		};
		65E490F6238FB75C00B8A92E /* PBXTargetDependency */ = {
			isa = PBXTargetDependency;
			target = 65E490D2238FB75A00B8A92E /* OneQuoteADay */;
			targetProxy = 65E490F5238FB75C00B8A92E /* PBXContainerItemProxy */;
		};
/* End PBXTargetDependency section */

/* Begin PBXVariantGroup section */
		65E490DC238FB75A00B8A92E /* Main.storyboard */ = {
			isa = PBXVariantGroup;
			children = (
				65E490DD238FB75A00B8A92E /* Base */,
			);
			name = Main.storyboard;
			sourceTree = "<group>";
		};
		65E490E1238FB75C00B8A92E /* LaunchScreen.storyboard */ = {
			isa = PBXVariantGroup;
			children = (
				65E490E2238FB75C00B8A92E /* Base */,
			);
			name = LaunchScreen.storyboard;
			sourceTree = "<group>";
		};
/* End PBXVariantGroup section */

/* Begin XCBuildConfiguration section */
		65E490FB238FB75C00B8A92E /* Debug */ = {
			isa = XCBuildConfiguration;
			buildSettings = {
				ALWAYS_SEARCH_USER_PATHS = NO;
				CLANG_ANALYZER_NONNULL = YES;
				CLANG_ANALYZER_NUMBER_OBJECT_CONVERSION = YES_AGGRESSIVE;
				CLANG_CXX_LANGUAGE_STANDARD = "gnu++14";
				CLANG_CXX_LIBRARY = "libc++";
				CLANG_ENABLE_MODULES = YES;
				CLANG_ENABLE_OBJC_ARC = YES;
				CLANG_ENABLE_OBJC_WEAK = YES;
				CLANG_WARN_BLOCK_CAPTURE_AUTORELEASING = YES;
				CLANG_WARN_BOOL_CONVERSION = YES;
				CLANG_WARN_COMMA = YES;
				CLANG_WARN_CONSTANT_CONVERSION = YES;
				CLANG_WARN_DEPRECATED_OBJC_IMPLEMENTATIONS = YES;
				CLANG_WARN_DIRECT_OBJC_ISA_USAGE = YES_ERROR;
				CLANG_WARN_DOCUMENTATION_COMMENTS = YES;
				CLANG_WARN_EMPTY_BODY = YES;
				CLANG_WARN_ENUM_CONVERSION = YES;
				CLANG_WARN_INFINITE_RECURSION = YES;
				CLANG_WARN_INT_CONVERSION = YES;
				CLANG_WARN_NON_LITERAL_NULL_CONVERSION = YES;
				CLANG_WARN_OBJC_IMPLICIT_RETAIN_SELF = YES;
				CLANG_WARN_OBJC_LITERAL_CONVERSION = YES;
				CLANG_WARN_OBJC_ROOT_CLASS = YES_ERROR;
				CLANG_WARN_RANGE_LOOP_ANALYSIS = YES;
				CLANG_WARN_STRICT_PROTOTYPES = YES;
				CLANG_WARN_SUSPICIOUS_MOVE = YES;
				CLANG_WARN_UNGUARDED_AVAILABILITY = YES_AGGRESSIVE;
				CLANG_WARN_UNREACHABLE_CODE = YES;
				CLANG_WARN__DUPLICATE_METHOD_MATCH = YES;
				COPY_PHASE_STRIP = NO;
				DEBUG_INFORMATION_FORMAT = dwarf;
				ENABLE_STRICT_OBJC_MSGSEND = YES;
				ENABLE_TESTABILITY = YES;
				GCC_C_LANGUAGE_STANDARD = gnu11;
				GCC_DYNAMIC_NO_PIC = NO;
				GCC_NO_COMMON_BLOCKS = YES;
				GCC_OPTIMIZATION_LEVEL = 0;
				GCC_PREPROCESSOR_DEFINITIONS = (
					"DEBUG=1",
					"$(inherited)",
				);
				GCC_WARN_64_TO_32_BIT_CONVERSION = YES;
				GCC_WARN_ABOUT_RETURN_TYPE = YES_ERROR;
				GCC_WARN_UNDECLARED_SELECTOR = YES;
				GCC_WARN_UNINITIALIZED_AUTOS = YES_AGGRESSIVE;
				GCC_WARN_UNUSED_FUNCTION = YES;
				GCC_WARN_UNUSED_VARIABLE = YES;
				IPHONEOS_DEPLOYMENT_TARGET = 13.2;
				MTL_ENABLE_DEBUG_INFO = INCLUDE_SOURCE;
				MTL_FAST_MATH = YES;
				ONLY_ACTIVE_ARCH = YES;
				SDKROOT = iphoneos;
				SWIFT_ACTIVE_COMPILATION_CONDITIONS = DEBUG;
				SWIFT_OPTIMIZATION_LEVEL = "-Onone";
			};
			name = Debug;
		};
		65E490FC238FB75C00B8A92E /* Release */ = {
			isa = XCBuildConfiguration;
			buildSettings = {
				ALWAYS_SEARCH_USER_PATHS = NO;
				CLANG_ANALYZER_NONNULL = YES;
				CLANG_ANALYZER_NUMBER_OBJECT_CONVERSION = YES_AGGRESSIVE;
				CLANG_CXX_LANGUAGE_STANDARD = "gnu++14";
				CLANG_CXX_LIBRARY = "libc++";
				CLANG_ENABLE_MODULES = YES;
				CLANG_ENABLE_OBJC_ARC = YES;
				CLANG_ENABLE_OBJC_WEAK = YES;
				CLANG_WARN_BLOCK_CAPTURE_AUTORELEASING = YES;
				CLANG_WARN_BOOL_CONVERSION = YES;
				CLANG_WARN_COMMA = YES;
				CLANG_WARN_CONSTANT_CONVERSION = YES;
				CLANG_WARN_DEPRECATED_OBJC_IMPLEMENTATIONS = YES;
				CLANG_WARN_DIRECT_OBJC_ISA_USAGE = YES_ERROR;
				CLANG_WARN_DOCUMENTATION_COMMENTS = YES;
				CLANG_WARN_EMPTY_BODY = YES;
				CLANG_WARN_ENUM_CONVERSION = YES;
				CLANG_WARN_INFINITE_RECURSION = YES;
				CLANG_WARN_INT_CONVERSION = YES;
				CLANG_WARN_NON_LITERAL_NULL_CONVERSION = YES;
				CLANG_WARN_OBJC_IMPLICIT_RETAIN_SELF = YES;
				CLANG_WARN_OBJC_LITERAL_CONVERSION = YES;
				CLANG_WARN_OBJC_ROOT_CLASS = YES_ERROR;
				CLANG_WARN_RANGE_LOOP_ANALYSIS = YES;
				CLANG_WARN_STRICT_PROTOTYPES = YES;
				CLANG_WARN_SUSPICIOUS_MOVE = YES;
				CLANG_WARN_UNGUARDED_AVAILABILITY = YES_AGGRESSIVE;
				CLANG_WARN_UNREACHABLE_CODE = YES;
				CLANG_WARN__DUPLICATE_METHOD_MATCH = YES;
				COPY_PHASE_STRIP = NO;
				DEBUG_INFORMATION_FORMAT = "dwarf-with-dsym";
				ENABLE_NS_ASSERTIONS = NO;
				ENABLE_STRICT_OBJC_MSGSEND = YES;
				GCC_C_LANGUAGE_STANDARD = gnu11;
				GCC_NO_COMMON_BLOCKS = YES;
				GCC_WARN_64_TO_32_BIT_CONVERSION = YES;
				GCC_WARN_ABOUT_RETURN_TYPE = YES_ERROR;
				GCC_WARN_UNDECLARED_SELECTOR = YES;
				GCC_WARN_UNINITIALIZED_AUTOS = YES_AGGRESSIVE;
				GCC_WARN_UNUSED_FUNCTION = YES;
				GCC_WARN_UNUSED_VARIABLE = YES;
				IPHONEOS_DEPLOYMENT_TARGET = 13.2;
				MTL_ENABLE_DEBUG_INFO = NO;
				MTL_FAST_MATH = YES;
				SDKROOT = iphoneos;
				SWIFT_COMPILATION_MODE = wholemodule;
				SWIFT_OPTIMIZATION_LEVEL = "-O";
				VALIDATE_PRODUCT = YES;
			};
			name = Release;
		};
		65E490FE238FB75C00B8A92E /* Debug */ = {
			isa = XCBuildConfiguration;
			buildSettings = {
				ASSETCATALOG_COMPILER_APPICON_NAME = AppIcon;
				CODE_SIGN_STYLE = Automatic;
				INFOPLIST_FILE = OneQuoteADay/Info.plist;
				LD_RUNPATH_SEARCH_PATHS = (
					"$(inherited)",
					"@executable_path/Frameworks",
				);
				PRODUCT_BUNDLE_IDENTIFIER = SU.OneQuoteADay;
				PRODUCT_NAME = "$(TARGET_NAME)";
				SWIFT_VERSION = 5.0;
				TARGETED_DEVICE_FAMILY = 1;
			};
			name = Debug;
		};
		65E490FF238FB75C00B8A92E /* Release */ = {
			isa = XCBuildConfiguration;
			buildSettings = {
				ASSETCATALOG_COMPILER_APPICON_NAME = AppIcon;
				CODE_SIGN_STYLE = Automatic;
				INFOPLIST_FILE = OneQuoteADay/Info.plist;
				LD_RUNPATH_SEARCH_PATHS = (
					"$(inherited)",
					"@executable_path/Frameworks",
				);
				PRODUCT_BUNDLE_IDENTIFIER = SU.OneQuoteADay;
				PRODUCT_NAME = "$(TARGET_NAME)";
				SWIFT_VERSION = 5.0;
				TARGETED_DEVICE_FAMILY = 1;
			};
			name = Release;
		};
		65E49101238FB75C00B8A92E /* Debug */ = {
			isa = XCBuildConfiguration;
			buildSettings = {
				ALWAYS_EMBED_SWIFT_STANDARD_LIBRARIES = YES;
				BUNDLE_LOADER = "$(TEST_HOST)";
				CODE_SIGN_STYLE = Automatic;
				INFOPLIST_FILE = OneQuoteADayTests/Info.plist;
				IPHONEOS_DEPLOYMENT_TARGET = 13.2;
				LD_RUNPATH_SEARCH_PATHS = (
					"$(inherited)",
					"@executable_path/Frameworks",
					"@loader_path/Frameworks",
				);
				PRODUCT_BUNDLE_IDENTIFIER = SU.OneQuoteADayTests;
				PRODUCT_NAME = "$(TARGET_NAME)";
				SWIFT_VERSION = 5.0;
				TARGETED_DEVICE_FAMILY = "1,2";
				TEST_HOST = "$(BUILT_PRODUCTS_DIR)/OneQuoteADay.app/OneQuoteADay";
			};
			name = Debug;
		};
		65E49102238FB75C00B8A92E /* Release */ = {
			isa = XCBuildConfiguration;
			buildSettings = {
				ALWAYS_EMBED_SWIFT_STANDARD_LIBRARIES = YES;
				BUNDLE_LOADER = "$(TEST_HOST)";
				CODE_SIGN_STYLE = Automatic;
				INFOPLIST_FILE = OneQuoteADayTests/Info.plist;
				IPHONEOS_DEPLOYMENT_TARGET = 13.2;
				LD_RUNPATH_SEARCH_PATHS = (
					"$(inherited)",
					"@executable_path/Frameworks",
					"@loader_path/Frameworks",
				);
				PRODUCT_BUNDLE_IDENTIFIER = SU.OneQuoteADayTests;
				PRODUCT_NAME = "$(TARGET_NAME)";
				SWIFT_VERSION = 5.0;
				TARGETED_DEVICE_FAMILY = "1,2";
				TEST_HOST = "$(BUILT_PRODUCTS_DIR)/OneQuoteADay.app/OneQuoteADay";
			};
			name = Release;
		};
		65E49104238FB75C00B8A92E /* Debug */ = {
			isa = XCBuildConfiguration;
			buildSettings = {
				ALWAYS_EMBED_SWIFT_STANDARD_LIBRARIES = YES;
				CODE_SIGN_STYLE = Automatic;
				INFOPLIST_FILE = OneQuoteADayUITests/Info.plist;
				LD_RUNPATH_SEARCH_PATHS = (
					"$(inherited)",
					"@executable_path/Frameworks",
					"@loader_path/Frameworks",
				);
				PRODUCT_BUNDLE_IDENTIFIER = SU.OneQuoteADayUITests;
				PRODUCT_NAME = "$(TARGET_NAME)";
				SWIFT_VERSION = 5.0;
				TARGETED_DEVICE_FAMILY = "1,2";
				TEST_TARGET_NAME = OneQuoteADay;
			};
			name = Debug;
		};
		65E49105238FB75C00B8A92E /* Release */ = {
			isa = XCBuildConfiguration;
			buildSettings = {
				ALWAYS_EMBED_SWIFT_STANDARD_LIBRARIES = YES;
				CODE_SIGN_STYLE = Automatic;
				INFOPLIST_FILE = OneQuoteADayUITests/Info.plist;
				LD_RUNPATH_SEARCH_PATHS = (
					"$(inherited)",
					"@executable_path/Frameworks",
					"@loader_path/Frameworks",
				);
				PRODUCT_BUNDLE_IDENTIFIER = SU.OneQuoteADayUITests;
				PRODUCT_NAME = "$(TARGET_NAME)";
				SWIFT_VERSION = 5.0;
				TARGETED_DEVICE_FAMILY = "1,2";
				TEST_TARGET_NAME = OneQuoteADay;
			};
			name = Release;
		};
/* End XCBuildConfiguration section */

/* Begin XCConfigurationList section */
		65E490CE238FB75A00B8A92E /* Build configuration list for PBXProject "OneQuoteADay" */ = {
			isa = XCConfigurationList;
			buildConfigurations = (
				65E490FB238FB75C00B8A92E /* Debug */,
				65E490FC238FB75C00B8A92E /* Release */,
			);
			defaultConfigurationIsVisible = 0;
			defaultConfigurationName = Release;
		};
		65E490FD238FB75C00B8A92E /* Build configuration list for PBXNativeTarget "OneQuoteADay" */ = {
			isa = XCConfigurationList;
			buildConfigurations = (
				65E490FE238FB75C00B8A92E /* Debug */,
				65E490FF238FB75C00B8A92E /* Release */,
			);
			defaultConfigurationIsVisible = 0;
			defaultConfigurationName = Release;
		};
		65E49100238FB75C00B8A92E /* Build configuration list for PBXNativeTarget "OneQuoteADayTests" */ = {
			isa = XCConfigurationList;
			buildConfigurations = (
				65E49101238FB75C00B8A92E /* Debug */,
				65E49102238FB75C00B8A92E /* Release */,
			);
			defaultConfigurationIsVisible = 0;
			defaultConfigurationName = Release;
		};
		65E49103238FB75C00B8A92E /* Build configuration list for PBXNativeTarget "OneQuoteADayUITests" */ = {
			isa = XCConfigurationList;
			buildConfigurations = (
				65E49104238FB75C00B8A92E /* Debug */,
				65E49105238FB75C00B8A92E /* Release */,
			);
			defaultConfigurationIsVisible = 0;
			defaultConfigurationName = Release;
		};
/* End XCConfigurationList section */
	};
	rootObject = 65E490CB238FB75A00B8A92E /* Project object */;
}
